
Microsoft Visual Studio Solution File, Format Version 12.00
# Visual Studio Version 17
VisualStudioVersion = 17.0.31903.59
MinimumVisualStudioVersion = 10.0.40219.1
Project("{FAE04EC0-301F-11D3-BF4B-00C04F79EFBC}") = "RevealImages", "RevealImages\RevealImages.csproj", "{40C04C7C-0139-4A8D-860A-52C54E2FD90D}"
EndProject
Global
	GlobalSection(SolutionConfigurationPlatforms) = preSolution
		Debug|Any CPU = Debug|Any CPU
		Release|Any CPU = Release|Any CPU
	EndGlobalSection
	GlobalSection(ProjectConfigurationPlatforms) = postSolution
		{40C04C7C-0139-4A8D-860A-52C54E2FD90D}.Debug|Any CPU.ActiveCfg = Debug|Any CPU
		{40C04C7C-0139-4A8D-860A-52C54E2FD90D}.Debug|Any CPU.Build.0 = Debug|Any CPU
		{40C04C7C-0139-4A8D-860A-52C54E2FD90D}.Release|Any CPU.ActiveCfg = Release|Any CPU
		{40C04C7C-0139-4A8D-860A-52C54E2FD90D}.Release|Any CPU.Build.0 = Release|Any CPU
	EndGlobalSection
	GlobalSection(SolutionProperties) = preSolution
		HideSolutionNode = FALSE
	EndGlobalSection
	GlobalSection(ExtensibilityGlobals) = postSolution
		SolutionGuid = {1416B687-804C-4703-BFCA-D425FB323E64}
	EndGlobalSection
EndGlobal
